
Microsoft Visual Studio Solution File, Format Version 12.00
# Visual Studio Version 17
VisualStudioVersion = 17.9.34616.47
MinimumVisualStudioVersion = 10.0.40219.1
Project("{FAE04EC0-301F-11D3-BF4B-00C04F79EFBC}") = "WinFormsApp1", "WinFormsApp1\WinFormsApp1.csproj", "{0EBF5E66-266E-4B4C-80A2-40D548CB0725}"
EndProject
Project("{FAE04EC0-301F-11D3-BF4B-00C04F79EFBC}") = "WinFormsControlLibrary1", "WinFormsControlLibrary1\WinFormsControlLibrary1.csproj", "{02EDEAA5-42E2-4229-9072-4F28DAA2AB98}"
EndProject
Global
	GlobalSection(SolutionConfigurationPlatforms) = preSolution
		Debug|Any CPU = Debug|Any CPU
		Release|Any CPU = Release|Any CPU
	EndGlobalSection
	GlobalSection(ProjectConfigurationPlatforms) = postSolution
		{0EBF5E66-266E-4B4C-80A2-40D548CB0725}.Debug|Any CPU.ActiveCfg = Debug|Any CPU
		{0EBF5E66-266E-4B4C-80A2-40D548CB0725}.Debug|Any CPU.Build.0 = Debug|Any CPU
		{0EBF5E66-266E-4B4C-80A2-40D548CB0725}.Release|Any CPU.ActiveCfg = Release|Any CPU
		{0EBF5E66-266E-4B4C-80A2-40D548CB0725}.Release|Any CPU.Build.0 = Release|Any CPU
		{02EDEAA5-42E2-4229-9072-4F28DAA2AB98}.Debug|Any CPU.ActiveCfg = Debug|Any CPU
		{02EDEAA5-42E2-4229-9072-4F28DAA2AB98}.Debug|Any CPU.Build.0 = Debug|Any CPU
		{02EDEAA5-42E2-4229-9072-4F28DAA2AB98}.Release|Any CPU.ActiveCfg = Release|Any CPU
		{02EDEAA5-42E2-4229-9072-4F28DAA2AB98}.Release|Any CPU.Build.0 = Release|Any CPU
	EndGlobalSection
	GlobalSection(SolutionProperties) = preSolution
		HideSolutionNode = FALSE
	EndGlobalSection
	GlobalSection(ExtensibilityGlobals) = postSolution
		SolutionGuid = {276793EB-0C40-42E2-A422-418B40CF9CF4}
	EndGlobalSection
EndGlobal
